// !$*UTF8*$!
{
	archiveVersion = 1;
	classes = {
	};
	objectVersion = 50;
	objects = {

/* Begin PBXBuildFile section */
		38499F5B24B09196005856D5 /* ToDoObject.swift in Sources */ = {isa = PBXBuildFile; fileRef = 38499F5A24B09196005856D5 /* ToDoObject.swift */; };
		384B3E1224B1D81C00CFDCE1 /* TableController.swift in Sources */ = {isa = PBXBuildFile; fileRef = 384B3E1124B1D81C00CFDCE1 /* TableController.swift */; };
		3886BB6124AF161100AE82CC /* AppDelegate.swift in Sources */ = {isa = PBXBuildFile; fileRef = 3886BB6024AF161100AE82CC /* AppDelegate.swift */; };
		3886BB6324AF161100AE82CC /* SceneDelegate.swift in Sources */ = {isa = PBXBuildFile; fileRef = 3886BB6224AF161100AE82CC /* SceneDelegate.swift */; };
		3886BB6524AF161100AE82CC /* AddTask.swift in Sources */ = {isa = PBXBuildFile; fileRef = 3886BB6424AF161100AE82CC /* AddTask.swift */; };
		3886BB6824AF161100AE82CC /* Main.storyboard in Resources */ = {isa = PBXBuildFile; fileRef = 3886BB6624AF161100AE82CC /* Main.storyboard */; };
		3886BB6B24AF161100AE82CC /* ToDoList.xcdatamodeld in Sources */ = {isa = PBXBuildFile; fileRef = 3886BB6924AF161100AE82CC /* ToDoList.xcdatamodeld */; };
		3886BB6D24AF161200AE82CC /* Assets.xcassets in Resources */ = {isa = PBXBuildFile; fileRef = 3886BB6C24AF161200AE82CC /* Assets.xcassets */; };
		3886BB7024AF161200AE82CC /* LaunchScreen.storyboard in Resources */ = {isa = PBXBuildFile; fileRef = 3886BB6E24AF161200AE82CC /* LaunchScreen.storyboard */; };
/* End PBXBuildFile section */

/* Begin PBXFileReference section */
		38499F5A24B09196005856D5 /* ToDoObject.swift */ = {isa = PBXFileReference; lastKnownFileType = sourcecode.swift; path = ToDoObject.swift; sourceTree = "<group>"; };
		384B3E1124B1D81C00CFDCE1 /* TableController.swift */ = {isa = PBXFileReference; lastKnownFileType = sourcecode.swift; path = TableController.swift; sourceTree = "<group>"; };
		3886BB5D24AF161100AE82CC /* ToDoList.app */ = {isa = PBXFileReference; explicitFileType = wrapper.application; includeInIndex = 0; path = ToDoList.app; sourceTree = BUILT_PRODUCTS_DIR; };
		3886BB6024AF161100AE82CC /* AppDelegate.swift */ = {isa = PBXFileReference; lastKnownFileType = sourcecode.swift; path = AppDelegate.swift; sourceTree = "<group>"; };
		3886BB6224AF161100AE82CC /* SceneDelegate.swift */ = {isa = PBXFileReference; lastKnownFileType = sourcecode.swift; path = SceneDelegate.swift; sourceTree = "<group>"; };
		3886BB6424AF161100AE82CC /* AddTask.swift */ = {isa = PBXFileReference; lastKnownFileType = sourcecode.swift; path = AddTask.swift; sourceTree = "<group>"; };
		3886BB6724AF161100AE82CC /* Base */ = {isa = PBXFileReference; lastKnownFileType = file.storyboard; name = Base; path = Base.lproj/Main.storyboard; sourceTree = "<group>"; };
		3886BB6A24AF161100AE82CC /* ToDoList.xcdatamodel */ = {isa = PBXFileReference; lastKnownFileType = wrapper.xcdatamodel; path = ToDoList.xcdatamodel; sourceTree = "<group>"; };
		3886BB6C24AF161200AE82CC /* Assets.xcassets */ = {isa = PBXFileReference; lastKnownFileType = folder.assetcatalog; path = Assets.xcassets; sourceTree = "<group>"; };
		3886BB6F24AF161200AE82CC /* Base */ = {isa = PBXFileReference; lastKnownFileType = file.storyboard; name = Base; path = Base.lproj/LaunchScreen.storyboard; sourceTree = "<group>"; };
		3886BB7124AF161200AE82CC /* Info.plist */ = {isa = PBXFileReference; lastKnownFileType = text.plist.xml; path = Info.plist; sourceTree = "<group>"; };
/* End PBXFileReference section */

/* Begin PBXFrameworksBuildPhase section */
		3886BB5A24AF161100AE82CC /* Frameworks */ = {
			isa = PBXFrameworksBuildPhase;
			buildActionMask = 2147483647;
			files = (
			);
			runOnlyForDeploymentPostprocessing = 0;
		};
/* End PBXFrameworksBuildPhase section */

/* Begin PBXGroup section */
		3886BB5424AF161100AE82CC = {
			isa = PBXGroup;
			children = (
				3886BB5F24AF161100AE82CC /* ToDoList */,
				3886BB5E24AF161100AE82CC /* Products */,
			);
			sourceTree = "<group>";
		};
		3886BB5E24AF161100AE82CC /* Products */ = {
			isa = PBXGroup;
			children = (
				3886BB5D24AF161100AE82CC /* ToDoList.app */,
			);
			name = Products;
			sourceTree = "<group>";
		};
		3886BB5F24AF161100AE82CC /* ToDoList */ = {
			isa = PBXGroup;
			children = (
				3886BB6024AF161100AE82CC /* AppDelegate.swift */,
				3886BB6224AF161100AE82CC /* SceneDelegate.swift */,
				3886BB6424AF161100AE82CC /* AddTask.swift */,
				3886BB6624AF161100AE82CC /* Main.storyboard */,
				3886BB6C24AF161200AE82CC /* Assets.xcassets */,
				3886BB6E24AF161200AE82CC /* LaunchScreen.storyboard */,
				3886BB7124AF161200AE82CC /* Info.plist */,
				3886BB6924AF161100AE82CC /* ToDoList.xcdatamodeld */,
				38499F5A24B09196005856D5 /* ToDoObject.swift */,
				384B3E1124B1D81C00CFDCE1 /* TableController.swift */,
			);
			path = ToDoList;
			sourceTree = "<group>";
		};
/* End PBXGroup section */

/* Begin PBXNativeTarget section */
		3886BB5C24AF161100AE82CC /* ToDoList */ = {
			isa = PBXNativeTarget;
			buildConfigurationList = 3886BB7424AF161200AE82CC /* Build configuration list for PBXNativeTarget "ToDoList" */;
			buildPhases = (
				3886BB5924AF161100AE82CC /* Sources */,
				3886BB5A24AF161100AE82CC /* Frameworks */,
				3886BB5B24AF161100AE82CC /* Resources */,
			);
			buildRules = (
			);
			dependencies = (
			);
			name = ToDoList;
			productName = ToDoList;
			productReference = 3886BB5D24AF161100AE82CC /* ToDoList.app */;
			productType = "com.apple.product-type.application";
		};
/* End PBXNativeTarget section */

/* Begin PBXProject section */
		3886BB5524AF161100AE82CC /* Project object */ = {
			isa = PBXProject;
			attributes = {
				LastSwiftUpdateCheck = 1150;
				LastUpgradeCheck = 1150;
				ORGANIZATIONNAME = "Никита Попов";
				TargetAttributes = {
					3886BB5C24AF161100AE82CC = {
						CreatedOnToolsVersion = 11.5;
					};
				};
			};
			buildConfigurationList = 3886BB5824AF161100AE82CC /* Build configuration list for PBXProject "ToDoList" */;
			compatibilityVersion = "Xcode 9.3";
			developmentRegion = en;
			hasScannedForEncodings = 0;
			knownRegions = (
				en,
				Base,
			);
			mainGroup = 3886BB5424AF161100AE82CC;
			productRefGroup = 3886BB5E24AF161100AE82CC /* Products */;
			projectDirPath = "";
			projectRoot = "";
			targets = (
				3886BB5C24AF161100AE82CC /* ToDoList */,
			);
		};
/* End PBXProject section */

/* Begin PBXResourcesBuildPhase section */
		3886BB5B24AF161100AE82CC /* Resources */ = {
			isa = PBXResourcesBuildPhase;
			buildActionMask = 2147483647;
			files = (
				3886BB7024AF161200AE82CC /* LaunchScreen.storyboard in Resources */,
				3886BB6D24AF161200AE82CC /* Assets.xcassets in Resources */,
				3886BB6824AF161100AE82CC /* Main.storyboard in Resources */,
			);
			runOnlyForDeploymentPostprocessing = 0;
		};
/* End PBXResourcesBuildPhase section */

/* Begin PBXSourcesBuildPhase section */
		3886BB5924AF161100AE82CC /* Sources */ = {
			isa = PBXSourcesBuildPhase;
			buildActionMask = 2147483647;
			files = (
				3886BB6524AF161100AE82CC /* AddTask.swift in Sources */,
				3886BB6124AF161100AE82CC /* AppDelegate.swift in Sources */,
				3886BB6324AF161100AE82CC /* SceneDelegate.swift in Sources */,
				38499F5B24B09196005856D5 /* ToDoObject.swift in Sources */,
				384B3E1224B1D81C00CFDCE1 /* TableController.swift in Sources */,
				3886BB6B24AF161100AE82CC /* ToDoList.xcdatamodeld in Sources */,
			);
			runOnlyForDeploymentPostprocessing = 0;
		};
/* End PBXSourcesBuildPhase section */

/* Begin PBXVariantGroup section */
		3886BB6624AF161100AE82CC /* Main.storyboard */ = {
			isa = PBXVariantGroup;
			children = (
				3886BB6724AF161100AE82CC /* Base */,
			);
			name = Main.storyboard;
			sourceTree = "<group>";
		};
		3886BB6E24AF161200AE82CC /* LaunchScreen.storyboard */ = {
			isa = PBXVariantGroup;
			children = (
				3886BB6F24AF161200AE82CC /* Base */,
			);
			name = LaunchScreen.storyboard;
			sourceTree = "<group>";
		};
/* End PBXVariantGroup section */

/* Begin XCBuildConfiguration section */
		3886BB7224AF161200AE82CC /* Debug */ = {
			isa = XCBuildConfiguration;
			buildSettings = {
				ALWAYS_SEARCH_USER_PATHS = NO;
				CLANG_ANALYZER_NONNULL = YES;
				CLANG_ANALYZER_NUMBER_OBJECT_CONVERSION = YES_AGGRESSIVE;
				CLANG_CXX_LANGUAGE_STANDARD = "gnu++14";
				CLANG_CXX_LIBRARY = "libc++";
				CLANG_ENABLE_MODULES = YES;
				CLANG_ENABLE_OBJC_ARC = YES;
				CLANG_ENABLE_OBJC_WEAK = YES;
				CLANG_WARN_BLOCK_CAPTURE_AUTORELEASING = YES;
				CLANG_WARN_BOOL_CONVERSION = YES;
				CLANG_WARN_COMMA = YES;
				CLANG_WARN_CONSTANT_CONVERSION = YES;
				CLANG_WARN_DEPRECATED_OBJC_IMPLEMENTATIONS = YES;
				CLANG_WARN_DIRECT_OBJC_ISA_USAGE = YES_ERROR;
				CLANG_WARN_DOCUMENTATION_COMMENTS = YES;
				CLANG_WARN_EMPTY_BODY = YES;
				CLANG_WARN_ENUM_CONVERSION = YES;
				CLANG_WARN_INFINITE_RECURSION = YES;
				CLANG_WARN_INT_CONVERSION = YES;
				CLANG_WARN_NON_LITERAL_NULL_CONVERSION = YES;
				CLANG_WARN_OBJC_IMPLICIT_RETAIN_SELF = YES;
				CLANG_WARN_OBJC_LITERAL_CONVERSION = YES;
				CLANG_WARN_OBJC_ROOT_CLASS = YES_ERROR;
				CLANG_WARN_RANGE_LOOP_ANALYSIS = YES;
				CLANG_WARN_STRICT_PROTOTYPES = YES;
				CLANG_WARN_SUSPICIOUS_MOVE = YES;
				CLANG_WARN_UNGUARDED_AVAILABILITY = YES_AGGRESSIVE;
				CLANG_WARN_UNREACHABLE_CODE = YES;
				CLANG_WARN__DUPLICATE_METHOD_MATCH = YES;
				COPY_PHASE_STRIP = NO;
				DEBUG_INFORMATION_FORMAT = dwarf;
				ENABLE_STRICT_OBJC_MSGSEND = YES;
				ENABLE_TESTABILITY = YES;
				GCC_C_LANGUAGE_STANDARD = gnu11;
				GCC_DYNAMIC_NO_PIC = NO;
				GCC_NO_COMMON_BLOCKS = YES;
				GCC_OPTIMIZATION_LEVEL = 0;
				GCC_PREPROCESSOR_DEFINITIONS = (
					"DEBUG=1",
					"$(inherited)",
				);
				GCC_WARN_64_TO_32_BIT_CONVERSION = YES;
				GCC_WARN_ABOUT_RETURN_TYPE = YES_ERROR;
				GCC_WARN_UNDECLARED_SELECTOR = YES;
				GCC_WARN_UNINITIALIZED_AUTOS = YES_AGGRESSIVE;
				GCC_WARN_UNUSED_FUNCTION = YES;
				GCC_WARN_UNUSED_VARIABLE = YES;
				IPHONEOS_DEPLOYMENT_TARGET = 13.5;
				MTL_ENABLE_DEBUG_INFO = INCLUDE_SOURCE;
				MTL_FAST_MATH = YES;
				ONLY_ACTIVE_ARCH = YES;
				SDKROOT = iphoneos;
				SWIFT_ACTIVE_COMPILATION_CONDITIONS = DEBUG;
				SWIFT_OPTIMIZATION_LEVEL = "-Onone";
			};
			name = Debug;
		};
		3886BB7324AF161200AE82CC /* Release */ = {
			isa = XCBuildConfiguration;
			buildSettings = {
				ALWAYS_SEARCH_USER_PATHS = NO;
				CLANG_ANALYZER_NONNULL = YES;
				CLANG_ANALYZER_NUMBER_OBJECT_CONVERSION = YES_AGGRESSIVE;
				CLANG_CXX_LANGUAGE_STANDARD = "gnu++14";
				CLANG_CXX_LIBRARY = "libc++";
				CLANG_ENABLE_MODULES = YES;
				CLANG_ENABLE_OBJC_ARC = YES;
				CLANG_ENABLE_OBJC_WEAK = YES;
				CLANG_WARN_BLOCK_CAPTURE_AUTORELEASING = YES;
				CLANG_WARN_BOOL_CONVERSION = YES;
				CLANG_WARN_COMMA = YES;
				CLANG_WARN_CONSTANT_CONVERSION = YES;
				CLANG_WARN_DEPRECATED_OBJC_IMPLEMENTATIONS = YES;
				CLANG_WARN_DIRECT_OBJC_ISA_USAGE = YES_ERROR;
				CLANG_WARN_DOCUMENTATION_COMMENTS = YES;
				CLANG_WARN_EMPTY_BODY = YES;
				CLANG_WARN_ENUM_CONVERSION = YES;
				CLANG_WARN_INFINITE_RECURSION = YES;
				CLANG_WARN_INT_CONVERSION = YES;
				CLANG_WARN_NON_LITERAL_NULL_CONVERSION = YES;
				CLANG_WARN_OBJC_IMPLICIT_RETAIN_SELF = YES;
				CLANG_WARN_OBJC_LITERAL_CONVERSION = YES;
				CLANG_WARN_OBJC_ROOT_CLASS = YES_ERROR;
				CLANG_WARN_RANGE_LOOP_ANALYSIS = YES;
				CLANG_WARN_STRICT_PROTOTYPES = YES;
				CLANG_WARN_SUSPICIOUS_MOVE = YES;
				CLANG_WARN_UNGUARDED_AVAILABILITY = YES_AGGRESSIVE;
				CLANG_WARN_UNREACHABLE_CODE = YES;
				CLANG_WARN__DUPLICATE_METHOD_MATCH = YES;
				COPY_PHASE_STRIP = NO;
				DEBUG_INFORMATION_FORMAT = "dwarf-with-dsym";
				ENABLE_NS_ASSERTIONS = NO;
				ENABLE_STRICT_OBJC_MSGSEND = YES;
				GCC_C_LANGUAGE_STANDARD = gnu11;
				GCC_NO_COMMON_BLOCKS = YES;
				GCC_WARN_64_TO_32_BIT_CONVERSION = YES;
				GCC_WARN_ABOUT_RETURN_TYPE = YES_ERROR;
				GCC_WARN_UNDECLARED_SELECTOR = YES;
				GCC_WARN_UNINITIALIZED_AUTOS = YES_AGGRESSIVE;
				GCC_WARN_UNUSED_FUNCTION = YES;
				GCC_WARN_UNUSED_VARIABLE = YES;
				IPHONEOS_DEPLOYMENT_TARGET = 13.5;
				MTL_ENABLE_DEBUG_INFO = NO;
				MTL_FAST_MATH = YES;
				SDKROOT = iphoneos;
				SWIFT_COMPILATION_MODE = wholemodule;
				SWIFT_OPTIMIZATION_LEVEL = "-O";
				VALIDATE_PRODUCT = YES;
			};
			name = Release;
		};
		3886BB7524AF161200AE82CC /* Debug */ = {
			isa = XCBuildConfiguration;
			buildSettings = {
				ASSETCATALOG_COMPILER_APPICON_NAME = AppIcon;
				CODE_SIGN_STYLE = Automatic;
				DEVELOPMENT_TEAM = 2GL77FKF9Q;
				INFOPLIST_FILE = ToDoList/Info.plist;
				LD_RUNPATH_SEARCH_PATHS = (
					"$(inherited)",
					"@executable_path/Frameworks",
				);
				PRODUCT_BUNDLE_IDENTIFIER = kosmo.ToDoList;
				PRODUCT_NAME = "$(TARGET_NAME)";
				SWIFT_VERSION = 5.0;
				TARGETED_DEVICE_FAMILY = "1,2";
			};
			name = Debug;
		};
		3886BB7624AF161200AE82CC /* Release */ = {
			isa = XCBuildConfiguration;
			buildSettings = {
				ASSETCATALOG_COMPILER_APPICON_NAME = AppIcon;
				CODE_SIGN_STYLE = Automatic;
				DEVELOPMENT_TEAM = 2GL77FKF9Q;
				INFOPLIST_FILE = ToDoList/Info.plist;
				LD_RUNPATH_SEARCH_PATHS = (
					"$(inherited)",
					"@executable_path/Frameworks",
				);
				PRODUCT_BUNDLE_IDENTIFIER = kosmo.ToDoList;
				PRODUCT_NAME = "$(TARGET_NAME)";
				SWIFT_VERSION = 5.0;
				TARGETED_DEVICE_FAMILY = "1,2";
			};
			name = Release;
		};
/* End XCBuildConfiguration section */

/* Begin XCConfigurationList section */
		3886BB5824AF161100AE82CC /* Build configuration list for PBXProject "ToDoList" */ = {
			isa = XCConfigurationList;
			buildConfigurations = (
				3886BB7224AF161200AE82CC /* Debug */,
				3886BB7324AF161200AE82CC /* Release */,
			);
			defaultConfigurationIsVisible = 0;
			defaultConfigurationName = Release;
		};
		3886BB7424AF161200AE82CC /* Build configuration list for PBXNativeTarget "ToDoList" */ = {
			isa = XCConfigurationList;
			buildConfigurations = (
				3886BB7524AF161200AE82CC /* Debug */,
				3886BB7624AF161200AE82CC /* Release */,
			);
			defaultConfigurationIsVisible = 0;
			defaultConfigurationName = Release;
		};
/* End XCConfigurationList section */

/* Begin XCVersionGroup section */
		3886BB6924AF161100AE82CC /* ToDoList.xcdatamodeld */ = {
			isa = XCVersionGroup;
			children = (
				3886BB6A24AF161100AE82CC /* ToDoList.xcdatamodel */,
			);
			currentVersion = 3886BB6A24AF161100AE82CC /* ToDoList.xcdatamodel */;
			path = ToDoList.xcdatamodeld;
			sourceTree = "<group>";
			versionGroupType = wrapper.xcdatamodel;
		};
/* End XCVersionGroup section */
	};
	rootObject = 3886BB5524AF161100AE82CC /* Project object */;
}
